
Microsoft Visual Studio Solution File, Format Version 12.00
# Visual Studio 15
VisualStudioVersion = 15.0.27428.2043
MinimumVisualStudioVersion = 10.0.40219.1
Project("{9A19103F-16F7-4668-BE54-9A1E7A4F7556}") = "SSCore", "SSCore\SSCore.csproj", "{7836CC5C-3A9B-4EDA-AD43-E407C8E36B07}"
EndProject
Project("{FAE04EC0-301F-11D3-BF4B-00C04F79EFBC}") = "SSCoreTests", "SSCoreTests\SSCoreTests.csproj", "{D7784641-B624-4026-B5DE-DE1F23BCFA05}"
EndProject
Global
	GlobalSection(SolutionConfigurationPlatforms) = preSolution
		Debug|Any CPU = Debug|Any CPU
		Release|Any CPU = Release|Any CPU
	EndGlobalSection
	GlobalSection(ProjectConfigurationPlatforms) = postSolution
		{7836CC5C-3A9B-4EDA-AD43-E407C8E36B07}.Debug|Any CPU.ActiveCfg = Debug|Any CPU
		{7836CC5C-3A9B-4EDA-AD43-E407C8E36B07}.Debug|Any CPU.Build.0 = Debug|Any CPU
		{7836CC5C-3A9B-4EDA-AD43-E407C8E36B07}.Release|Any CPU.ActiveCfg = Release|Any CPU
		{7836CC5C-3A9B-4EDA-AD43-E407C8E36B07}.Release|Any CPU.Build.0 = Release|Any CPU
		{D7784641-B624-4026-B5DE-DE1F23BCFA05}.Debug|Any CPU.ActiveCfg = Debug|Any CPU
		{D7784641-B624-4026-B5DE-DE1F23BCFA05}.Debug|Any CPU.Build.0 = Debug|Any CPU
		{D7784641-B624-4026-B5DE-DE1F23BCFA05}.Release|Any CPU.ActiveCfg = Release|Any CPU
		{D7784641-B624-4026-B5DE-DE1F23BCFA05}.Release|Any CPU.Build.0 = Release|Any CPU
	EndGlobalSection
	GlobalSection(SolutionProperties) = preSolution
		HideSolutionNode = FALSE
	EndGlobalSection
	GlobalSection(ExtensibilityGlobals) = postSolution
		SolutionGuid = {DEEE37FD-2BFC-4A48-9981-656925B6BF62}
	EndGlobalSection
EndGlobal
